
Microsoft Visual Studio Solution File, Format Version 12.00
# Visual Studio Version 17
VisualStudioVersion = 17.13.35825.156 d17.13
MinimumVisualStudioVersion = 10.0.40219.1
Project("{FAE04EC0-301F-11D3-BF4B-00C04F79EFBC}") = "modul10_103022300029", "modul10_103022300029.csproj", "{CA7BA4F4-2603-494A-B2F4-8A68B4024E28}"
EndProject
Global
	GlobalSection(SolutionConfigurationPlatforms) = preSolution
		Debug|Any CPU = Debug|Any CPU
		Release|Any CPU = Release|Any CPU
	EndGlobalSection
	GlobalSection(ProjectConfigurationPlatforms) = postSolution
		{CA7BA4F4-2603-494A-B2F4-8A68B4024E28}.Debug|Any CPU.ActiveCfg = Debug|Any CPU
		{CA7BA4F4-2603-494A-B2F4-8A68B4024E28}.Debug|Any CPU.Build.0 = Debug|Any CPU
		{CA7BA4F4-2603-494A-B2F4-8A68B4024E28}.Release|Any CPU.ActiveCfg = Release|Any CPU
		{CA7BA4F4-2603-494A-B2F4-8A68B4024E28}.Release|Any CPU.Build.0 = Release|Any CPU
	EndGlobalSection
	GlobalSection(SolutionProperties) = preSolution
		HideSolutionNode = FALSE
	EndGlobalSection
	GlobalSection(ExtensibilityGlobals) = postSolution
		SolutionGuid = {BCD9C031-09C4-4619-A550-2E172AE0FF7B}
	EndGlobalSection
EndGlobal
